
Microsoft Visual Studio Solution File, Format Version 12.00
# Visual Studio 14
VisualStudioVersion = 14.0.25123.0
MinimumVisualStudioVersion = 10.0.40219.1
Project("{FAE04EC0-301F-11D3-BF4B-00C04F79EFBC}") = "NovaKidsControl.Domain", "NovaKidsControl.Domain\NovaKidsControl.Domain.csproj", "{8B55FE96-BBB2-4634-A47C-A121656CD1DE}"
EndProject
Project("{2150E333-8FDC-42A3-9474-1A3956D46DE8}") = "0-Presentation", "0-Presentation", "{C0EEB2D8-905E-4616-A206-2BABB1483F49}"
EndProject
Project("{2150E333-8FDC-42A3-9474-1A3956D46DE8}") = "1-Services", "1-Services", "{1C25F0D8-DC5C-45C3-A240-E65C604BC498}"
EndProject
Project("{2150E333-8FDC-42A3-9474-1A3956D46DE8}") = "2-Application", "2-Application", "{320C4786-1425-4E35-9437-B7EAACD2874C}"
EndProject
Project("{2150E333-8FDC-42A3-9474-1A3956D46DE8}") = "3-Domain", "3-Domain", "{31190DC5-9606-4D40-AD63-7CA531DFDF5B}"
EndProject
Project("{2150E333-8FDC-42A3-9474-1A3956D46DE8}") = "4-Infra", "4-Infra", "{CFACD854-CF36-40D2-BCA6-FD6DD15D3F1A}"
EndProject
Project("{2150E333-8FDC-42A3-9474-1A3956D46DE8}") = "4.1-CrossCutting", "4.1-CrossCutting", "{B8ACA8EF-09E8-43B5-98AA-C0D2DBA8DD86}"
EndProject
Project("{2150E333-8FDC-42A3-9474-1A3956D46DE8}") = "4.2-Data", "4.2-Data", "{2E990BE9-36D5-4DD4-A077-49C1A392B77C}"
EndProject
Project("{FAE04EC0-301F-11D3-BF4B-00C04F79EFBC}") = "NovaKidsMvc", "NovaKidsMvc\NovaKidsMvc.csproj", "{3CE710CE-5506-4199-BF2D-4737D1B20086}"
EndProject
Project("{FAE04EC0-301F-11D3-BF4B-00C04F79EFBC}") = "NovaKids.Infra.Data", "NovaKids.Infra.Data\NovaKids.Infra.Data.csproj", "{6D29271F-6E94-41ED-91F9-A953D61F389F}"
EndProject
Project("{FAE04EC0-301F-11D3-BF4B-00C04F79EFBC}") = "NovaKids.Application", "NovaKids.Application\NovaKids.Application.csproj", "{E6096084-1E75-4EDC-B77E-36A027DA1989}"
EndProject
Global
	GlobalSection(SolutionConfigurationPlatforms) = preSolution
		Debug|Any CPU = Debug|Any CPU
		Release|Any CPU = Release|Any CPU
	EndGlobalSection
	GlobalSection(ProjectConfigurationPlatforms) = postSolution
		{8B55FE96-BBB2-4634-A47C-A121656CD1DE}.Debug|Any CPU.ActiveCfg = Debug|Any CPU
		{8B55FE96-BBB2-4634-A47C-A121656CD1DE}.Debug|Any CPU.Build.0 = Debug|Any CPU
		{8B55FE96-BBB2-4634-A47C-A121656CD1DE}.Release|Any CPU.ActiveCfg = Release|Any CPU
		{8B55FE96-BBB2-4634-A47C-A121656CD1DE}.Release|Any CPU.Build.0 = Release|Any CPU
		{3CE710CE-5506-4199-BF2D-4737D1B20086}.Debug|Any CPU.ActiveCfg = Debug|Any CPU
		{3CE710CE-5506-4199-BF2D-4737D1B20086}.Debug|Any CPU.Build.0 = Debug|Any CPU
		{3CE710CE-5506-4199-BF2D-4737D1B20086}.Release|Any CPU.ActiveCfg = Release|Any CPU
		{3CE710CE-5506-4199-BF2D-4737D1B20086}.Release|Any CPU.Build.0 = Release|Any CPU
		{6D29271F-6E94-41ED-91F9-A953D61F389F}.Debug|Any CPU.ActiveCfg = Debug|Any CPU
		{6D29271F-6E94-41ED-91F9-A953D61F389F}.Debug|Any CPU.Build.0 = Debug|Any CPU
		{6D29271F-6E94-41ED-91F9-A953D61F389F}.Release|Any CPU.ActiveCfg = Release|Any CPU
		{6D29271F-6E94-41ED-91F9-A953D61F389F}.Release|Any CPU.Build.0 = Release|Any CPU
		{E6096084-1E75-4EDC-B77E-36A027DA1989}.Debug|Any CPU.ActiveCfg = Debug|Any CPU
		{E6096084-1E75-4EDC-B77E-36A027DA1989}.Debug|Any CPU.Build.0 = Debug|Any CPU
		{E6096084-1E75-4EDC-B77E-36A027DA1989}.Release|Any CPU.ActiveCfg = Release|Any CPU
		{E6096084-1E75-4EDC-B77E-36A027DA1989}.Release|Any CPU.Build.0 = Release|Any CPU
	EndGlobalSection
	GlobalSection(SolutionProperties) = preSolution
		HideSolutionNode = FALSE
	EndGlobalSection
	GlobalSection(NestedProjects) = preSolution
		{8B55FE96-BBB2-4634-A47C-A121656CD1DE} = {31190DC5-9606-4D40-AD63-7CA531DFDF5B}
		{B8ACA8EF-09E8-43B5-98AA-C0D2DBA8DD86} = {CFACD854-CF36-40D2-BCA6-FD6DD15D3F1A}
		{2E990BE9-36D5-4DD4-A077-49C1A392B77C} = {CFACD854-CF36-40D2-BCA6-FD6DD15D3F1A}
		{3CE710CE-5506-4199-BF2D-4737D1B20086} = {C0EEB2D8-905E-4616-A206-2BABB1483F49}
		{6D29271F-6E94-41ED-91F9-A953D61F389F} = {2E990BE9-36D5-4DD4-A077-49C1A392B77C}
		{E6096084-1E75-4EDC-B77E-36A027DA1989} = {320C4786-1425-4E35-9437-B7EAACD2874C}
	EndGlobalSection
EndGlobal
